// !$*UTF8*$!
{
	archiveVersion = 1;
	classes = {
	};
	objectVersion = 56;
	objects = {

/* Begin PBXBuildFile section */
		AEBA0787294FF40F00ED3786 /* FirstSwiftUIAppApp.swift in Sources */ = {isa = PBXBuildFile; fileRef = AEBA0786294FF40F00ED3786 /* FirstSwiftUIAppApp.swift */; };
		AEBA0789294FF40F00ED3786 /* ContentView.swift in Sources */ = {isa = PBXBuildFile; fileRef = AEBA0788294FF40F00ED3786 /* ContentView.swift */; };
		AEBA078B294FF41000ED3786 /* Assets.xcassets in Resources */ = {isa = PBXBuildFile; fileRef = AEBA078A294FF41000ED3786 /* Assets.xcassets */; };
		AEBA078E294FF41000ED3786 /* Preview Assets.xcassets in Resources */ = {isa = PBXBuildFile; fileRef = AEBA078D294FF41000ED3786 /* Preview Assets.xcassets */; };
		AEBA0798294FF41000ED3786 /* FirstSwiftUIAppTests.swift in Sources */ = {isa = PBXBuildFile; fileRef = AEBA0797294FF41000ED3786 /* FirstSwiftUIAppTests.swift */; };
		AEBA07A2294FF41000ED3786 /* FirstSwiftUIAppUITests.swift in Sources */ = {isa = PBXBuildFile; fileRef = AEBA07A1294FF41000ED3786 /* FirstSwiftUIAppUITests.swift */; };
		AEBA07A4294FF41000ED3786 /* FirstSwiftUIAppUITestsLaunchTests.swift in Sources */ = {isa = PBXBuildFile; fileRef = AEBA07A3294FF41000ED3786 /* FirstSwiftUIAppUITestsLaunchTests.swift */; };
/* End PBXBuildFile section */

/* Begin PBXContainerItemProxy section */
		AEBA0794294FF41000ED3786 /* PBXContainerItemProxy */ = {
			isa = PBXContainerItemProxy;
			containerPortal = AEBA077B294FF40F00ED3786 /* Project object */;
			proxyType = 1;
			remoteGlobalIDString = AEBA0782294FF40F00ED3786;
			remoteInfo = FirstSwiftUIApp;
		};
		AEBA079E294FF41000ED3786 /* PBXContainerItemProxy */ = {
			isa = PBXContainerItemProxy;
			containerPortal = AEBA077B294FF40F00ED3786 /* Project object */;
			proxyType = 1;
			remoteGlobalIDString = AEBA0782294FF40F00ED3786;
			remoteInfo = FirstSwiftUIApp;
		};
/* End PBXContainerItemProxy section */

/* Begin PBXFileReference section */
		AEBA0783294FF40F00ED3786 /* FirstSwiftUIApp.app */ = {isa = PBXFileReference; explicitFileType = wrapper.application; includeInIndex = 0; path = FirstSwiftUIApp.app; sourceTree = BUILT_PRODUCTS_DIR; };
		AEBA0786294FF40F00ED3786 /* FirstSwiftUIAppApp.swift */ = {isa = PBXFileReference; lastKnownFileType = sourcecode.swift; path = FirstSwiftUIAppApp.swift; sourceTree = "<group>"; };
		AEBA0788294FF40F00ED3786 /* ContentView.swift */ = {isa = PBXFileReference; lastKnownFileType = sourcecode.swift; path = ContentView.swift; sourceTree = "<group>"; };
		AEBA078A294FF41000ED3786 /* Assets.xcassets */ = {isa = PBXFileReference; lastKnownFileType = folder.assetcatalog; path = Assets.xcassets; sourceTree = "<group>"; };
		AEBA078D294FF41000ED3786 /* Preview Assets.xcassets */ = {isa = PBXFileReference; lastKnownFileType = folder.assetcatalog; path = "Preview Assets.xcassets"; sourceTree = "<group>"; };
		AEBA0793294FF41000ED3786 /* FirstSwiftUIAppTests.xctest */ = {isa = PBXFileReference; explicitFileType = wrapper.cfbundle; includeInIndex = 0; path = FirstSwiftUIAppTests.xctest; sourceTree = BUILT_PRODUCTS_DIR; };
		AEBA0797294FF41000ED3786 /* FirstSwiftUIAppTests.swift */ = {isa = PBXFileReference; lastKnownFileType = sourcecode.swift; path = FirstSwiftUIAppTests.swift; sourceTree = "<group>"; };
		AEBA079D294FF41000ED3786 /* FirstSwiftUIAppUITests.xctest */ = {isa = PBXFileReference; explicitFileType = wrapper.cfbundle; includeInIndex = 0; path = FirstSwiftUIAppUITests.xctest; sourceTree = BUILT_PRODUCTS_DIR; };
		AEBA07A1294FF41000ED3786 /* FirstSwiftUIAppUITests.swift */ = {isa = PBXFileReference; lastKnownFileType = sourcecode.swift; path = FirstSwiftUIAppUITests.swift; sourceTree = "<group>"; };
		AEBA07A3294FF41000ED3786 /* FirstSwiftUIAppUITestsLaunchTests.swift */ = {isa = PBXFileReference; lastKnownFileType = sourcecode.swift; path = FirstSwiftUIAppUITestsLaunchTests.swift; sourceTree = "<group>"; };
/* End PBXFileReference section */

/* Begin PBXFrameworksBuildPhase section */
		AEBA0780294FF40F00ED3786 /* Frameworks */ = {
			isa = PBXFrameworksBuildPhase;
			buildActionMask = 2147483647;
			files = (
			);
			runOnlyForDeploymentPostprocessing = 0;
		};
		AEBA0790294FF41000ED3786 /* Frameworks */ = {
			isa = PBXFrameworksBuildPhase;
			buildActionMask = 2147483647;
			files = (
			);
			runOnlyForDeploymentPostprocessing = 0;
		};
		AEBA079A294FF41000ED3786 /* Frameworks */ = {
			isa = PBXFrameworksBuildPhase;
			buildActionMask = 2147483647;
			files = (
			);
			runOnlyForDeploymentPostprocessing = 0;
		};
/* End PBXFrameworksBuildPhase section */

/* Begin PBXGroup section */
		AEBA077A294FF40F00ED3786 = {
			isa = PBXGroup;
			children = (
				AEBA0785294FF40F00ED3786 /* FirstSwiftUIApp */,
				AEBA0796294FF41000ED3786 /* FirstSwiftUIAppTests */,
				AEBA07A0294FF41000ED3786 /* FirstSwiftUIAppUITests */,
				AEBA0784294FF40F00ED3786 /* Products */,
			);
			sourceTree = "<group>";
		};
		AEBA0784294FF40F00ED3786 /* Products */ = {
			isa = PBXGroup;
			children = (
				AEBA0783294FF40F00ED3786 /* FirstSwiftUIApp.app */,
				AEBA0793294FF41000ED3786 /* FirstSwiftUIAppTests.xctest */,
				AEBA079D294FF41000ED3786 /* FirstSwiftUIAppUITests.xctest */,
			);
			name = Products;
			sourceTree = "<group>";
		};
		AEBA0785294FF40F00ED3786 /* FirstSwiftUIApp */ = {
			isa = PBXGroup;
			children = (
				AEBA0786294FF40F00ED3786 /* FirstSwiftUIAppApp.swift */,
				AEBA0788294FF40F00ED3786 /* ContentView.swift */,
				AEBA078A294FF41000ED3786 /* Assets.xcassets */,
				AEBA078C294FF41000ED3786 /* Preview Content */,
			);
			path = FirstSwiftUIApp;
			sourceTree = "<group>";
		};
		AEBA078C294FF41000ED3786 /* Preview Content */ = {
			isa = PBXGroup;
			children = (
				AEBA078D294FF41000ED3786 /* Preview Assets.xcassets */,
			);
			path = "Preview Content";
			sourceTree = "<group>";
		};
		AEBA0796294FF41000ED3786 /* FirstSwiftUIAppTests */ = {
			isa = PBXGroup;
			children = (
				AEBA0797294FF41000ED3786 /* FirstSwiftUIAppTests.swift */,
			);
			path = FirstSwiftUIAppTests;
			sourceTree = "<group>";
		};
		AEBA07A0294FF41000ED3786 /* FirstSwiftUIAppUITests */ = {
			isa = PBXGroup;
			children = (
				AEBA07A1294FF41000ED3786 /* FirstSwiftUIAppUITests.swift */,
				AEBA07A3294FF41000ED3786 /* FirstSwiftUIAppUITestsLaunchTests.swift */,
			);
			path = FirstSwiftUIAppUITests;
			sourceTree = "<group>";
		};
/* End PBXGroup section */

/* Begin PBXNativeTarget section */
		AEBA0782294FF40F00ED3786 /* FirstSwiftUIApp */ = {
			isa = PBXNativeTarget;
			buildConfigurationList = AEBA07A7294FF41000ED3786 /* Build configuration list for PBXNativeTarget "FirstSwiftUIApp" */;
			buildPhases = (
				AEBA077F294FF40F00ED3786 /* Sources */,
				AEBA0780294FF40F00ED3786 /* Frameworks */,
				AEBA0781294FF40F00ED3786 /* Resources */,
			);
			buildRules = (
			);
			dependencies = (
			);
			name = FirstSwiftUIApp;
			productName = FirstSwiftUIApp;
			productReference = AEBA0783294FF40F00ED3786 /* FirstSwiftUIApp.app */;
			productType = "com.apple.product-type.application";
		};
		AEBA0792294FF41000ED3786 /* FirstSwiftUIAppTests */ = {
			isa = PBXNativeTarget;
			buildConfigurationList = AEBA07AA294FF41000ED3786 /* Build configuration list for PBXNativeTarget "FirstSwiftUIAppTests" */;
			buildPhases = (
				AEBA078F294FF41000ED3786 /* Sources */,
				AEBA0790294FF41000ED3786 /* Frameworks */,
				AEBA0791294FF41000ED3786 /* Resources */,
			);
			buildRules = (
			);
			dependencies = (
				AEBA0795294FF41000ED3786 /* PBXTargetDependency */,
			);
			name = FirstSwiftUIAppTests;
			productName = FirstSwiftUIAppTests;
			productReference = AEBA0793294FF41000ED3786 /* FirstSwiftUIAppTests.xctest */;
			productType = "com.apple.product-type.bundle.unit-test";
		};
		AEBA079C294FF41000ED3786 /* FirstSwiftUIAppUITests */ = {
			isa = PBXNativeTarget;
			buildConfigurationList = AEBA07AD294FF41000ED3786 /* Build configuration list for PBXNativeTarget "FirstSwiftUIAppUITests" */;
			buildPhases = (
				AEBA0799294FF41000ED3786 /* Sources */,
				AEBA079A294FF41000ED3786 /* Frameworks */,
				AEBA079B294FF41000ED3786 /* Resources */,
			);
			buildRules = (
			);
			dependencies = (
				AEBA079F294FF41000ED3786 /* PBXTargetDependency */,
			);
			name = FirstSwiftUIAppUITests;
			productName = FirstSwiftUIAppUITests;
			productReference = AEBA079D294FF41000ED3786 /* FirstSwiftUIAppUITests.xctest */;
			productType = "com.apple.product-type.bundle.ui-testing";
		};
/* End PBXNativeTarget section */

/* Begin PBXProject section */
		AEBA077B294FF40F00ED3786 /* Project object */ = {
			isa = PBXProject;
			attributes = {
				BuildIndependentTargetsInParallel = 1;
				LastSwiftUpdateCheck = 1400;
				LastUpgradeCheck = 1400;
				TargetAttributes = {
					AEBA0782294FF40F00ED3786 = {
						CreatedOnToolsVersion = 14.0.1;
					};
					AEBA0792294FF41000ED3786 = {
						CreatedOnToolsVersion = 14.0.1;
						TestTargetID = AEBA0782294FF40F00ED3786;
					};
					AEBA079C294FF41000ED3786 = {
						CreatedOnToolsVersion = 14.0.1;
						TestTargetID = AEBA0782294FF40F00ED3786;
					};
				};
			};
			buildConfigurationList = AEBA077E294FF40F00ED3786 /* Build configuration list for PBXProject "FirstSwiftUIApp" */;
			compatibilityVersion = "Xcode 14.0";
			developmentRegion = en;
			hasScannedForEncodings = 0;
			knownRegions = (
				en,
				Base,
			);
			mainGroup = AEBA077A294FF40F00ED3786;
			productRefGroup = AEBA0784294FF40F00ED3786 /* Products */;
			projectDirPath = "";
			projectRoot = "";
			targets = (
				AEBA0782294FF40F00ED3786 /* FirstSwiftUIApp */,
				AEBA0792294FF41000ED3786 /* FirstSwiftUIAppTests */,
				AEBA079C294FF41000ED3786 /* FirstSwiftUIAppUITests */,
			);
		};
/* End PBXProject section */

/* Begin PBXResourcesBuildPhase section */
		AEBA0781294FF40F00ED3786 /* Resources */ = {
			isa = PBXResourcesBuildPhase;
			buildActionMask = 2147483647;
			files = (
				AEBA078E294FF41000ED3786 /* Preview Assets.xcassets in Resources */,
				AEBA078B294FF41000ED3786 /* Assets.xcassets in Resources */,
			);
			runOnlyForDeploymentPostprocessing = 0;
		};
		AEBA0791294FF41000ED3786 /* Resources */ = {
			isa = PBXResourcesBuildPhase;
			buildActionMask = 2147483647;
			files = (
			);
			runOnlyForDeploymentPostprocessing = 0;
		};
		AEBA079B294FF41000ED3786 /* Resources */ = {
			isa = PBXResourcesBuildPhase;
			buildActionMask = 2147483647;
			files = (
			);
			runOnlyForDeploymentPostprocessing = 0;
		};
/* End PBXResourcesBuildPhase section */

/* Begin PBXSourcesBuildPhase section */
		AEBA077F294FF40F00ED3786 /* Sources */ = {
			isa = PBXSourcesBuildPhase;
			buildActionMask = 2147483647;
			files = (
				AEBA0789294FF40F00ED3786 /* ContentView.swift in Sources */,
				AEBA0787294FF40F00ED3786 /* FirstSwiftUIAppApp.swift in Sources */,
			);
			runOnlyForDeploymentPostprocessing = 0;
		};
		AEBA078F294FF41000ED3786 /* Sources */ = {
			isa = PBXSourcesBuildPhase;
			buildActionMask = 2147483647;
			files = (
				AEBA0798294FF41000ED3786 /* FirstSwiftUIAppTests.swift in Sources */,
			);
			runOnlyForDeploymentPostprocessing = 0;
		};
		AEBA0799294FF41000ED3786 /* Sources */ = {
			isa = PBXSourcesBuildPhase;
			buildActionMask = 2147483647;
			files = (
				AEBA07A2294FF41000ED3786 /* FirstSwiftUIAppUITests.swift in Sources */,
				AEBA07A4294FF41000ED3786 /* FirstSwiftUIAppUITestsLaunchTests.swift in Sources */,
			);
			runOnlyForDeploymentPostprocessing = 0;
		};
/* End PBXSourcesBuildPhase section */

/* Begin PBXTargetDependency section */
		AEBA0795294FF41000ED3786 /* PBXTargetDependency */ = {
			isa = PBXTargetDependency;
			target = AEBA0782294FF40F00ED3786 /* FirstSwiftUIApp */;
			targetProxy = AEBA0794294FF41000ED3786 /* PBXContainerItemProxy */;
		};
		AEBA079F294FF41000ED3786 /* PBXTargetDependency */ = {
			isa = PBXTargetDependency;
			target = AEBA0782294FF40F00ED3786 /* FirstSwiftUIApp */;
			targetProxy = AEBA079E294FF41000ED3786 /* PBXContainerItemProxy */;
		};
/* End PBXTargetDependency section */

/* Begin XCBuildConfiguration section */
		AEBA07A5294FF41000ED3786 /* Debug */ = {
			isa = XCBuildConfiguration;
			buildSettings = {
				ALWAYS_SEARCH_USER_PATHS = NO;
				CLANG_ANALYZER_NONNULL = YES;
				CLANG_ANALYZER_NUMBER_OBJECT_CONVERSION = YES_AGGRESSIVE;
				CLANG_CXX_LANGUAGE_STANDARD = "gnu++20";
				CLANG_ENABLE_MODULES = YES;
				CLANG_ENABLE_OBJC_ARC = YES;
				CLANG_ENABLE_OBJC_WEAK = YES;
				CLANG_WARN_BLOCK_CAPTURE_AUTORELEASING = YES;
				CLANG_WARN_BOOL_CONVERSION = YES;
				CLANG_WARN_COMMA = YES;
				CLANG_WARN_CONSTANT_CONVERSION = YES;
				CLANG_WARN_DEPRECATED_OBJC_IMPLEMENTATIONS = YES;
				CLANG_WARN_DIRECT_OBJC_ISA_USAGE = YES_ERROR;
				CLANG_WARN_DOCUMENTATION_COMMENTS = YES;
				CLANG_WARN_EMPTY_BODY = YES;
				CLANG_WARN_ENUM_CONVERSION = YES;
				CLANG_WARN_INFINITE_RECURSION = YES;
				CLANG_WARN_INT_CONVERSION = YES;
				CLANG_WARN_NON_LITERAL_NULL_CONVERSION = YES;
				CLANG_WARN_OBJC_IMPLICIT_RETAIN_SELF = YES;
				CLANG_WARN_OBJC_LITERAL_CONVERSION = YES;
				CLANG_WARN_OBJC_ROOT_CLASS = YES_ERROR;
				CLANG_WARN_QUOTED_INCLUDE_IN_FRAMEWORK_HEADER = YES;
				CLANG_WARN_RANGE_LOOP_ANALYSIS = YES;
				CLANG_WARN_STRICT_PROTOTYPES = YES;
				CLANG_WARN_SUSPICIOUS_MOVE = YES;
				CLANG_WARN_UNGUARDED_AVAILABILITY = YES_AGGRESSIVE;
				CLANG_WARN_UNREACHABLE_CODE = YES;
				CLANG_WARN__DUPLICATE_METHOD_MATCH = YES;
				COPY_PHASE_STRIP = NO;
				DEBUG_INFORMATION_FORMAT = dwarf;
				ENABLE_STRICT_OBJC_MSGSEND = YES;
				ENABLE_TESTABILITY = YES;
				GCC_C_LANGUAGE_STANDARD = gnu11;
				GCC_DYNAMIC_NO_PIC = NO;
				GCC_NO_COMMON_BLOCKS = YES;
				GCC_OPTIMIZATION_LEVEL = 0;
				GCC_PREPROCESSOR_DEFINITIONS = (
					"DEBUG=1",
					"$(inherited)",
				);
				GCC_WARN_64_TO_32_BIT_CONVERSION = YES;
				GCC_WARN_ABOUT_RETURN_TYPE = YES_ERROR;
				GCC_WARN_UNDECLARED_SELECTOR = YES;
				GCC_WARN_UNINITIALIZED_AUTOS = YES_AGGRESSIVE;
				GCC_WARN_UNUSED_FUNCTION = YES;
				GCC_WARN_UNUSED_VARIABLE = YES;
				IPHONEOS_DEPLOYMENT_TARGET = 16.0;
				MTL_ENABLE_DEBUG_INFO = INCLUDE_SOURCE;
				MTL_FAST_MATH = YES;
				ONLY_ACTIVE_ARCH = YES;
				SDKROOT = iphoneos;
				SWIFT_ACTIVE_COMPILATION_CONDITIONS = DEBUG;
				SWIFT_OPTIMIZATION_LEVEL = "-Onone";
			};
			name = Debug;
		};
		AEBA07A6294FF41000ED3786 /* Release */ = {
			isa = XCBuildConfiguration;
			buildSettings = {
				ALWAYS_SEARCH_USER_PATHS = NO;
				CLANG_ANALYZER_NONNULL = YES;
				CLANG_ANALYZER_NUMBER_OBJECT_CONVERSION = YES_AGGRESSIVE;
				CLANG_CXX_LANGUAGE_STANDARD = "gnu++20";
				CLANG_ENABLE_MODULES = YES;
				CLANG_ENABLE_OBJC_ARC = YES;
				CLANG_ENABLE_OBJC_WEAK = YES;
				CLANG_WARN_BLOCK_CAPTURE_AUTORELEASING = YES;
				CLANG_WARN_BOOL_CONVERSION = YES;
				CLANG_WARN_COMMA = YES;
				CLANG_WARN_CONSTANT_CONVERSION = YES;
				CLANG_WARN_DEPRECATED_OBJC_IMPLEMENTATIONS = YES;
				CLANG_WARN_DIRECT_OBJC_ISA_USAGE = YES_ERROR;
				CLANG_WARN_DOCUMENTATION_COMMENTS = YES;
				CLANG_WARN_EMPTY_BODY = YES;
				CLANG_WARN_ENUM_CONVERSION = YES;
				CLANG_WARN_INFINITE_RECURSION = YES;
				CLANG_WARN_INT_CONVERSION = YES;
				CLANG_WARN_NON_LITERAL_NULL_CONVERSION = YES;
				CLANG_WARN_OBJC_IMPLICIT_RETAIN_SELF = YES;
				CLANG_WARN_OBJC_LITERAL_CONVERSION = YES;
				CLANG_WARN_OBJC_ROOT_CLASS = YES_ERROR;
				CLANG_WARN_QUOTED_INCLUDE_IN_FRAMEWORK_HEADER = YES;
				CLANG_WARN_RANGE_LOOP_ANALYSIS = YES;
				CLANG_WARN_STRICT_PROTOTYPES = YES;
				CLANG_WARN_SUSPICIOUS_MOVE = YES;
				CLANG_WARN_UNGUARDED_AVAILABILITY = YES_AGGRESSIVE;
				CLANG_WARN_UNREACHABLE_CODE = YES;
				CLANG_WARN__DUPLICATE_METHOD_MATCH = YES;
				COPY_PHASE_STRIP = NO;
				DEBUG_INFORMATION_FORMAT = "dwarf-with-dsym";
				ENABLE_NS_ASSERTIONS = NO;
				ENABLE_STRICT_OBJC_MSGSEND = YES;
				GCC_C_LANGUAGE_STANDARD = gnu11;
				GCC_NO_COMMON_BLOCKS = YES;
				GCC_WARN_64_TO_32_BIT_CONVERSION = YES;
				GCC_WARN_ABOUT_RETURN_TYPE = YES_ERROR;
				GCC_WARN_UNDECLARED_SELECTOR = YES;
				GCC_WARN_UNINITIALIZED_AUTOS = YES_AGGRESSIVE;
				GCC_WARN_UNUSED_FUNCTION = YES;
				GCC_WARN_UNUSED_VARIABLE = YES;
				IPHONEOS_DEPLOYMENT_TARGET = 16.0;
				MTL_ENABLE_DEBUG_INFO = NO;
				MTL_FAST_MATH = YES;
				SDKROOT = iphoneos;
				SWIFT_COMPILATION_MODE = wholemodule;
				SWIFT_OPTIMIZATION_LEVEL = "-O";
				VALIDATE_PRODUCT = YES;
			};
			name = Release;
		};
		AEBA07A8294FF41000ED3786 /* Debug */ = {
			isa = XCBuildConfiguration;
			buildSettings = {
				ASSETCATALOG_COMPILER_APPICON_NAME = AppIcon;
				ASSETCATALOG_COMPILER_GLOBAL_ACCENT_COLOR_NAME = AccentColor;
				CODE_SIGN_STYLE = Automatic;
				CURRENT_PROJECT_VERSION = 1;
				DEVELOPMENT_ASSET_PATHS = "\"FirstSwiftUIApp/Preview Content\"";
				DEVELOPMENT_TEAM = 7HN73WS8Q5;
				ENABLE_PREVIEWS = YES;
				GENERATE_INFOPLIST_FILE = YES;
				INFOPLIST_KEY_UIApplicationSceneManifest_Generation = YES;
				INFOPLIST_KEY_UIApplicationSupportsIndirectInputEvents = YES;
				INFOPLIST_KEY_UILaunchScreen_Generation = YES;
				INFOPLIST_KEY_UISupportedInterfaceOrientations_iPad = "UIInterfaceOrientationPortrait UIInterfaceOrientationPortraitUpsideDown UIInterfaceOrientationLandscapeLeft UIInterfaceOrientationLandscapeRight";
				INFOPLIST_KEY_UISupportedInterfaceOrientations_iPhone = "UIInterfaceOrientationPortrait UIInterfaceOrientationLandscapeLeft UIInterfaceOrientationLandscapeRight";
				LD_RUNPATH_SEARCH_PATHS = (
					"$(inherited)",
					"@executable_path/Frameworks",
				);
				MARKETING_VERSION = 1.0;
				PRODUCT_BUNDLE_IDENTIFIER = yeojin.SeSAC.FirstSwiftUIApp;
				PRODUCT_NAME = "$(TARGET_NAME)";
				SWIFT_EMIT_LOC_STRINGS = YES;
				SWIFT_VERSION = 5.0;
				TARGETED_DEVICE_FAMILY = "1,2";
			};
			name = Debug;
		};
		AEBA07A9294FF41000ED3786 /* Release */ = {
			isa = XCBuildConfiguration;
			buildSettings = {
				ASSETCATALOG_COMPILER_APPICON_NAME = AppIcon;
				ASSETCATALOG_COMPILER_GLOBAL_ACCENT_COLOR_NAME = AccentColor;
				CODE_SIGN_STYLE = Automatic;
				CURRENT_PROJECT_VERSION = 1;
				DEVELOPMENT_ASSET_PATHS = "\"FirstSwiftUIApp/Preview Content\"";
				DEVELOPMENT_TEAM = 7HN73WS8Q5;
				ENABLE_PREVIEWS = YES;
				GENERATE_INFOPLIST_FILE = YES;
				INFOPLIST_KEY_UIApplicationSceneManifest_Generation = YES;
				INFOPLIST_KEY_UIApplicationSupportsIndirectInputEvents = YES;
				INFOPLIST_KEY_UILaunchScreen_Generation = YES;
				INFOPLIST_KEY_UISupportedInterfaceOrientations_iPad = "UIInterfaceOrientationPortrait UIInterfaceOrientationPortraitUpsideDown UIInterfaceOrientationLandscapeLeft UIInterfaceOrientationLandscapeRight";
				INFOPLIST_KEY_UISupportedInterfaceOrientations_iPhone = "UIInterfaceOrientationPortrait UIInterfaceOrientationLandscapeLeft UIInterfaceOrientationLandscapeRight";
				LD_RUNPATH_SEARCH_PATHS = (
					"$(inherited)",
					"@executable_path/Frameworks",
				);
				MARKETING_VERSION = 1.0;
				PRODUCT_BUNDLE_IDENTIFIER = yeojin.SeSAC.FirstSwiftUIApp;
				PRODUCT_NAME = "$(TARGET_NAME)";
				SWIFT_EMIT_LOC_STRINGS = YES;
				SWIFT_VERSION = 5.0;
				TARGETED_DEVICE_FAMILY = "1,2";
			};
			name = Release;
		};
		AEBA07AB294FF41000ED3786 /* Debug */ = {
			isa = XCBuildConfiguration;
			buildSettings = {
				ALWAYS_EMBED_SWIFT_STANDARD_LIBRARIES = YES;
				BUNDLE_LOADER = "$(TEST_HOST)";
				CODE_SIGN_STYLE = Automatic;
				CURRENT_PROJECT_VERSION = 1;
				DEVELOPMENT_TEAM = 7HN73WS8Q5;
				GENERATE_INFOPLIST_FILE = YES;
				IPHONEOS_DEPLOYMENT_TARGET = 16.0;
				MARKETING_VERSION = 1.0;
				PRODUCT_BUNDLE_IDENTIFIER = yeojin.SeSAC.FirstSwiftUIAppTests;
				PRODUCT_NAME = "$(TARGET_NAME)";
				SWIFT_EMIT_LOC_STRINGS = NO;
				SWIFT_VERSION = 5.0;
				TARGETED_DEVICE_FAMILY = "1,2";
				TEST_HOST = "$(BUILT_PRODUCTS_DIR)/FirstSwiftUIApp.app/$(BUNDLE_EXECUTABLE_FOLDER_PATH)/FirstSwiftUIApp";
			};
			name = Debug;
		};
		AEBA07AC294FF41000ED3786 /* Release */ = {
			isa = XCBuildConfiguration;
			buildSettings = {
				ALWAYS_EMBED_SWIFT_STANDARD_LIBRARIES = YES;
				BUNDLE_LOADER = "$(TEST_HOST)";
				CODE_SIGN_STYLE = Automatic;
				CURRENT_PROJECT_VERSION = 1;
				DEVELOPMENT_TEAM = 7HN73WS8Q5;
				GENERATE_INFOPLIST_FILE = YES;
				IPHONEOS_DEPLOYMENT_TARGET = 16.0;
				MARKETING_VERSION = 1.0;
				PRODUCT_BUNDLE_IDENTIFIER = yeojin.SeSAC.FirstSwiftUIAppTests;
				PRODUCT_NAME = "$(TARGET_NAME)";
				SWIFT_EMIT_LOC_STRINGS = NO;
				SWIFT_VERSION = 5.0;
				TARGETED_DEVICE_FAMILY = "1,2";
				TEST_HOST = "$(BUILT_PRODUCTS_DIR)/FirstSwiftUIApp.app/$(BUNDLE_EXECUTABLE_FOLDER_PATH)/FirstSwiftUIApp";
			};
			name = Release;
		};
		AEBA07AE294FF41000ED3786 /* Debug */ = {
			isa = XCBuildConfiguration;
			buildSettings = {
				ALWAYS_EMBED_SWIFT_STANDARD_LIBRARIES = YES;
				CODE_SIGN_STYLE = Automatic;
				CURRENT_PROJECT_VERSION = 1;
				DEVELOPMENT_TEAM = 7HN73WS8Q5;
				GENERATE_INFOPLIST_FILE = YES;
				MARKETING_VERSION = 1.0;
				PRODUCT_BUNDLE_IDENTIFIER = yeojin.SeSAC.FirstSwiftUIAppUITests;
				PRODUCT_NAME = "$(TARGET_NAME)";
				SWIFT_EMIT_LOC_STRINGS = NO;
				SWIFT_VERSION = 5.0;
				TARGETED_DEVICE_FAMILY = "1,2";
				TEST_TARGET_NAME = FirstSwiftUIApp;
			};
			name = Debug;
		};
		AEBA07AF294FF41000ED3786 /* Release */ = {
			isa = XCBuildConfiguration;
			buildSettings = {
				ALWAYS_EMBED_SWIFT_STANDARD_LIBRARIES = YES;
				CODE_SIGN_STYLE = Automatic;
				CURRENT_PROJECT_VERSION = 1;
				DEVELOPMENT_TEAM = 7HN73WS8Q5;
				GENERATE_INFOPLIST_FILE = YES;
				MARKETING_VERSION = 1.0;
				PRODUCT_BUNDLE_IDENTIFIER = yeojin.SeSAC.FirstSwiftUIAppUITests;
				PRODUCT_NAME = "$(TARGET_NAME)";
				SWIFT_EMIT_LOC_STRINGS = NO;
				SWIFT_VERSION = 5.0;
				TARGETED_DEVICE_FAMILY = "1,2";
				TEST_TARGET_NAME = FirstSwiftUIApp;
			};
			name = Release;
		};
/* End XCBuildConfiguration section */

/* Begin XCConfigurationList section */
		AEBA077E294FF40F00ED3786 /* Build configuration list for PBXProject "FirstSwiftUIApp" */ = {
			isa = XCConfigurationList;
			buildConfigurations = (
				AEBA07A5294FF41000ED3786 /* Debug */,
				AEBA07A6294FF41000ED3786 /* Release */,
			);
			defaultConfigurationIsVisible = 0;
			defaultConfigurationName = Release;
		};
		AEBA07A7294FF41000ED3786 /* Build configuration list for PBXNativeTarget "FirstSwiftUIApp" */ = {
			isa = XCConfigurationList;
			buildConfigurations = (
				AEBA07A8294FF41000ED3786 /* Debug */,
				AEBA07A9294FF41000ED3786 /* Release */,
			);
			defaultConfigurationIsVisible = 0;
			defaultConfigurationName = Release;
		};
		AEBA07AA294FF41000ED3786 /* Build configuration list for PBXNativeTarget "FirstSwiftUIAppTests" */ = {
			isa = XCConfigurationList;
			buildConfigurations = (
				AEBA07AB294FF41000ED3786 /* Debug */,
				AEBA07AC294FF41000ED3786 /* Release */,
			);
			defaultConfigurationIsVisible = 0;
			defaultConfigurationName = Release;
		};
		AEBA07AD294FF41000ED3786 /* Build configuration list for PBXNativeTarget "FirstSwiftUIAppUITests" */ = {
			isa = XCConfigurationList;
			buildConfigurations = (
				AEBA07AE294FF41000ED3786 /* Debug */,
				AEBA07AF294FF41000ED3786 /* Release */,
			);
			defaultConfigurationIsVisible = 0;
			defaultConfigurationName = Release;
		};
/* End XCConfigurationList section */
	};
	rootObject = AEBA077B294FF40F00ED3786 /* Project object */;
}
